{
  "name": "@lando/prepare-release-action",
  "version": "2.0.0-alpha.0",
  "lockfileVersion": 2,
  "requires": true,
  "packages": {
    "": {
      "name": "@lando/prepare-release-action",
      "version": "2.0.0-alpha.0",
      "license": "GPL-3.0",
      "dependencies": {
        "semver": "^7.5.1"
      },
      "engines": {
        "node": ">=16.0.0"
      }
    },
    "node_modules/lru-cache": {
      "version": "6.0.0",
      "integrity": "sha512-Jo6dJ04CmSjuznwJSS3pUeWmd/H0ffTlkXXgwZi+eq1UCmqQwCh+eLsYOYCwY991i2Fah4h1BEMCx4qThGbsiA==",
      "dependencies": {
        "yallist": "^4.0.0"
      },
      "engines": {
        "node": ">=10"
      }
    },
    "node_modules/semver": {
      "version": "7.5.1",
      "integrity": "sha512-Wvss5ivl8TMRZXXESstBA4uR5iXgEN/VC5/sOcuXdVLzcdkz4HWetIoRfG5gb5X+ij/G9rw9YoGn3QoQ8OCSpw==",
      "dependencies": {
        "lru-cache": "^6.0.0"
      },
      "bin": {
        "semver": "bin/semver.js"
      },
      "engines": {
        "node": ">=10"
      }
    },
    "node_modules/yallist": {
      "version": "4.0.0",
      "integrity": "sha512-3wdGidZyq5PB084XLES5TpOSRA3wjXAlIWMhum2kRcv/41Sn2emQ0dycQW4uZXLejwKvg6EsvbdlVL+FYEct7A=="
    }
  },
  "dependencies": {
    "lru-cache": {
      "version": "6.0.0",
      "requires": {
        "yallist": "^4.0.0"
      }
    },
    "semver": {
      "version": "7.5.1",
      "requires": {
        "lru-cache": "^6.0.0"
      }
    },
    "yallist": {
      "version": "4.0.0"
    }
  }
}
